
Microsoft Visual Studio Solution File, Format Version 12.00
# Visual Studio Version 16
VisualStudioVersion = 25.0.1706.1
MinimumVisualStudioVersion = 10.0.40219.1
Project("{FAE04EC0-301F-11D3-BF4B-00C04F79EFBC}") = "ExampleApp", "ExampleApp.csproj", "{15B083DC-5843-4CCA-8C00-F496D31571B3}"
EndProject
Project("{E53339B2-1760-4266-BCC7-CA923CBCF16C}") = "docker-compose", "docker-compose.dcproj", "{C07A3C44-4E09-47CF-AB42-2BB90E3DA262}"
EndProject
Global
	GlobalSection(SolutionConfigurationPlatforms) = preSolution
		Debug|Any CPU = Debug|Any CPU
		Release|Any CPU = Release|Any CPU
	EndGlobalSection
	GlobalSection(ProjectConfigurationPlatforms) = postSolution
		{15B083DC-5843-4CCA-8C00-F496D31571B3}.Debug|Any CPU.ActiveCfg = Debug|Any CPU
		{15B083DC-5843-4CCA-8C00-F496D31571B3}.Debug|Any CPU.Build.0 = Debug|Any CPU
		{15B083DC-5843-4CCA-8C00-F496D31571B3}.Release|Any CPU.ActiveCfg = Release|Any CPU
		{15B083DC-5843-4CCA-8C00-F496D31571B3}.Release|Any CPU.Build.0 = Release|Any CPU
		{C07A3C44-4E09-47CF-AB42-2BB90E3DA262}.Debug|Any CPU.ActiveCfg = Debug|Any CPU
		{C07A3C44-4E09-47CF-AB42-2BB90E3DA262}.Debug|Any CPU.Build.0 = Debug|Any CPU
		{C07A3C44-4E09-47CF-AB42-2BB90E3DA262}.Release|Any CPU.ActiveCfg = Release|Any CPU
		{C07A3C44-4E09-47CF-AB42-2BB90E3DA262}.Release|Any CPU.Build.0 = Release|Any CPU
	EndGlobalSection
	GlobalSection(SolutionProperties) = preSolution
		HideSolutionNode = FALSE
	EndGlobalSection
	GlobalSection(ExtensibilityGlobals) = postSolution
		SolutionGuid = {507D1A0E-17C0-4F2B-AA37-CDB87C62EC06}
	EndGlobalSection
EndGlobal
