{
  "name": "ExampleApp",
  "lockfileVersion": 3,
  "requires": true,
  "packages": {
    "": {
      "dependencies": {
        "wait-for-it": "^1.0.0"
      }
    },
    "node_modules/wait-for-it": {
      "version": "1.0.0",
      "resolved": "https://registry.npmjs.org/wait-for-it/-/wait-for-it-1.0.0.tgz",
      "integrity": "sha512-H3cXHbxfZSHFRXchwLSCC1NNaDlh9X1OPH1OSLyTfgTR8MS0kkfb75Y4EXfPzNYQTyILmUXDaJKdFKXh366yVg=="
    }
  }
}
